
Microsoft Visual Studio Solution File, Format Version 12.00
# Visual Studio Version 16
VisualStudioVersion = 16.0.30804.86
MinimumVisualStudioVersion = 10.0.40219.1
Project("{FAE04EC0-301F-11D3-BF4B-00C04F79EFBC}") = "MergePDF_app", "MergePDF_app\MergePDF_app.csproj", "{2AB4B596-3B81-457C-9DEE-9F18CF5336F1}"
EndProject
Project("{54435603-DBB4-11D2-8724-00A0C9A8B90C}") = "MergePdf_Setup", "MergePdf_Setup\MergePdf_Setup.vdproj", "{B4F2671C-A127-4B8F-974D-F6CD29806048}"
EndProject
Global
	GlobalSection(SolutionConfigurationPlatforms) = preSolution
		Debug|Any CPU = Debug|Any CPU
		Release|Any CPU = Release|Any CPU
	EndGlobalSection
	GlobalSection(ProjectConfigurationPlatforms) = postSolution
		{2AB4B596-3B81-457C-9DEE-9F18CF5336F1}.Debug|Any CPU.ActiveCfg = Debug|Any CPU
		{2AB4B596-3B81-457C-9DEE-9F18CF5336F1}.Debug|Any CPU.Build.0 = Debug|Any CPU
		{2AB4B596-3B81-457C-9DEE-9F18CF5336F1}.Release|Any CPU.ActiveCfg = Release|Any CPU
		{2AB4B596-3B81-457C-9DEE-9F18CF5336F1}.Release|Any CPU.Build.0 = Release|Any CPU
		{B4F2671C-A127-4B8F-974D-F6CD29806048}.Debug|Any CPU.ActiveCfg = Debug
		{B4F2671C-A127-4B8F-974D-F6CD29806048}.Release|Any CPU.ActiveCfg = Release
	EndGlobalSection
	GlobalSection(SolutionProperties) = preSolution
		HideSolutionNode = FALSE
	EndGlobalSection
	GlobalSection(ExtensibilityGlobals) = postSolution
		SolutionGuid = {87BF347E-4A4B-4DFB-A24C-E14292235582}
	EndGlobalSection
EndGlobal
