
Microsoft Visual Studio Solution File, Format Version 12.00
# Visual Studio Version 16
VisualStudioVersion = 16.0.30804.86
MinimumVisualStudioVersion = 10.0.40219.1
Project("{9A19103F-16F7-4668-BE54-9A1E7A4F7556}") = "MaterialsConsoleApp", "MaterialsConsoleApp\MaterialsConsoleApp.csproj", "{53C13C37-573B-42B2-ACF8-700EE34733C9}"
EndProject
Project("{9A19103F-16F7-4668-BE54-9A1E7A4F7556}") = "ImportDto", "ImportDto\ImportDto.csproj", "{F2E82D51-CC86-4C9E-B0DE-C080292280A8}"
EndProject
Global
	GlobalSection(SolutionConfigurationPlatforms) = preSolution
		Debug|Any CPU = Debug|Any CPU
		Release|Any CPU = Release|Any CPU
	EndGlobalSection
	GlobalSection(ProjectConfigurationPlatforms) = postSolution
		{53C13C37-573B-42B2-ACF8-700EE34733C9}.Debug|Any CPU.ActiveCfg = Debug|Any CPU
		{53C13C37-573B-42B2-ACF8-700EE34733C9}.Debug|Any CPU.Build.0 = Debug|Any CPU
		{53C13C37-573B-42B2-ACF8-700EE34733C9}.Release|Any CPU.ActiveCfg = Release|Any CPU
		{53C13C37-573B-42B2-ACF8-700EE34733C9}.Release|Any CPU.Build.0 = Release|Any CPU
		{F2E82D51-CC86-4C9E-B0DE-C080292280A8}.Debug|Any CPU.ActiveCfg = Debug|Any CPU
		{F2E82D51-CC86-4C9E-B0DE-C080292280A8}.Debug|Any CPU.Build.0 = Debug|Any CPU
		{F2E82D51-CC86-4C9E-B0DE-C080292280A8}.Release|Any CPU.ActiveCfg = Release|Any CPU
		{F2E82D51-CC86-4C9E-B0DE-C080292280A8}.Release|Any CPU.Build.0 = Release|Any CPU
	EndGlobalSection
	GlobalSection(SolutionProperties) = preSolution
		HideSolutionNode = FALSE
	EndGlobalSection
	GlobalSection(ExtensibilityGlobals) = postSolution
		SolutionGuid = {F1ED28BA-DAA6-4E73-BA6E-BFF74E78F989}
	EndGlobalSection
EndGlobal
